
Microsoft Visual Studio Solution File, Format Version 12.00
# Visual Studio Version 16
VisualStudioVersion = 16.0.30104.148
MinimumVisualStudioVersion = 10.0.40219.1
Project("{FAE04EC0-301F-11D3-BF4B-00C04F79EFBC}") = "minijuego", "minijuego\minijuego.csproj", "{24B76A74-FECB-40F4-8310-A84DC4FC8966}"
EndProject
Global
	GlobalSection(SolutionConfigurationPlatforms) = preSolution
		Debug|Any CPU = Debug|Any CPU
		Release|Any CPU = Release|Any CPU
	EndGlobalSection
	GlobalSection(ProjectConfigurationPlatforms) = postSolution
		{24B76A74-FECB-40F4-8310-A84DC4FC8966}.Debug|Any CPU.ActiveCfg = Debug|Any CPU
		{24B76A74-FECB-40F4-8310-A84DC4FC8966}.Debug|Any CPU.Build.0 = Debug|Any CPU
		{24B76A74-FECB-40F4-8310-A84DC4FC8966}.Release|Any CPU.ActiveCfg = Release|Any CPU
		{24B76A74-FECB-40F4-8310-A84DC4FC8966}.Release|Any CPU.Build.0 = Release|Any CPU
	EndGlobalSection
	GlobalSection(SolutionProperties) = preSolution
		HideSolutionNode = FALSE
	EndGlobalSection
	GlobalSection(ExtensibilityGlobals) = postSolution
		SolutionGuid = {4FB6FCD7-2AA0-44C4-BA9F-47658433B1B5}
	EndGlobalSection
EndGlobal
